
Microsoft Visual Studio Solution File, Format Version 12.00
# Visual Studio Version 16
VisualStudioVersion = 16.0.31624.102
MinimumVisualStudioVersion = 10.0.40219.1
Project("{FAE04EC0-301F-11D3-BF4B-00C04F79EFBC}") = "ConsoleApp4", "ConsoleApp4\ConsoleApp4.csproj", "{40A8B826-D252-419B-9FF7-B1B437C31A34}"
EndProject
Global
	GlobalSection(SolutionConfigurationPlatforms) = preSolution
		Debug|Any CPU = Debug|Any CPU
		Release|Any CPU = Release|Any CPU
	EndGlobalSection
	GlobalSection(ProjectConfigurationPlatforms) = postSolution
		{40A8B826-D252-419B-9FF7-B1B437C31A34}.Debug|Any CPU.ActiveCfg = Debug|Any CPU
		{40A8B826-D252-419B-9FF7-B1B437C31A34}.Debug|Any CPU.Build.0 = Debug|Any CPU
		{40A8B826-D252-419B-9FF7-B1B437C31A34}.Release|Any CPU.ActiveCfg = Release|Any CPU
		{40A8B826-D252-419B-9FF7-B1B437C31A34}.Release|Any CPU.Build.0 = Release|Any CPU
	EndGlobalSection
	GlobalSection(SolutionProperties) = preSolution
		HideSolutionNode = FALSE
	EndGlobalSection
	GlobalSection(ExtensibilityGlobals) = postSolution
		SolutionGuid = {62126B8B-113D-46B5-B62C-08791974EB66}
	EndGlobalSection
EndGlobal
